schema: '2.0'
stages:
  data_ingestion:
    cmd: python src\CNNClassifier\pipeline\stage_01_data_ingestion.py
    deps:
    - path: config\config.yaml
      hash: md5
      md5: 568992d2ee76ec5016edf412208294a9
      size: 584
    - path: src\CNNClassifier\pipeline\stage_01_data_ingestion.py
      hash: md5
      md5: 92b6ad6a2067c22dc19746ba976b9345
      size: 891
    outs:
    - path: artifacts\data_ingestion\train
      hash: md5
      md5: 80754c43f8aa12673314673b01a2d076.dir
      size: 49247431
      nfiles: 343
  prepare_base_model:
    cmd: python src\CNNClassifier\pipeline\stage_02_prepare_base_model.py
    deps:
    - path: config\config.yaml
      hash: md5
      md5: 568992d2ee76ec5016edf412208294a9
      size: 584
    - path: src\CNNClassifier\pipeline\stage_02_prepare_base_model.py
      hash: md5
      md5: 0bb502ade6a03b1645c3ca15f1f426dc
      size: 936
    params:
      params.yaml:
        CLASSES: 2
        IMAGE_SIZE:
        - 224
        - 224
        - 3
        INCLUDE_TOP: false
        LEARNING_RATE: 0.002
        WEIGHTS: imagenet
    outs:
    - path: artifacts\prepare_base_model
      hash: md5
      md5: 6d2ffaa8175c9276fec03dce91d443fc.dir
      size: 118054560
      nfiles: 2
  training:
    cmd: python src\CNNClassifier\pipeline\stage_03_model_trainer.py
    deps:
    - path: artifacts\data_ingestion\train
      hash: md5
      md5: 80754c43f8aa12673314673b01a2d076.dir
      size: 49247431
      nfiles: 343
    - path: artifacts\prepare_base_model
      hash: md5
      md5: 6d2ffaa8175c9276fec03dce91d443fc.dir
      size: 118054560
      nfiles: 2
    - path: config\config.yaml
      hash: md5
      md5: 568992d2ee76ec5016edf412208294a9
      size: 584
    - path: src\CNNClassifier\pipeline\stage_03_model_trainer.py
      hash: md5
      md5: 02868e0cbb87f8866fcf08dae6aa3cd4
      size: 859
    params:
      params.yaml:
        AUGMENTATION: true
        BATCH_SIZE: 16
        EPOCHS: 3
        IMAGE_SIZE:
        - 224
        - 224
        - 3
    outs:
    - path: artifacts\training\model.h5
      hash: md5
      md5: 798b1b016f09a40a052f54c5cb862c54
      size: 59337520
  evaluation:
    cmd: python src\CNNClassifier\pipeline\stage_04_model_evaluation_mlflow.py
    deps:
    - path: artifacts\data_ingestion\train
      hash: md5
      md5: 80754c43f8aa12673314673b01a2d076.dir
      size: 49247431
      nfiles: 343
    - path: artifacts\training\model.h5
      hash: md5
      md5: 798b1b016f09a40a052f54c5cb862c54
      size: 59337520
    - path: config\config.yaml
      hash: md5
      md5: 568992d2ee76ec5016edf412208294a9
      size: 584
    - path: src\CNNClassifier\pipeline\stage_04_model_evaluation_mlflow.py
      hash: md5
      md5: bf29d45fd692e36245253af4f1906f28
      size: 859
    params:
      params.yaml:
        BATCH_SIZE: 16
        IMAGE_SIZE:
        - 224
        - 224
        - 3
    outs:
    - path: scores.json
      hash: md5
      md5: 05ac7681747eb915cbbebcd3ca207723
      size: 74
